
Microsoft Visual Studio Solution File, Format Version 12.00
# Visual Studio Version 17
VisualStudioVersion = 17.11.35327.3
MinimumVisualStudioVersion = 10.0.40219.1
Project("{FAE04EC0-301F-11D3-BF4B-00C04F79EFBC}") = "ToDo.WebAPI", "ToDoAPI\ToDo.WebAPI.csproj", "{7B407ACF-6B05-47CE-B8AF-C46D5442C6FE}"
EndProject
Project("{FAE04EC0-301F-11D3-BF4B-00C04F79EFBC}") = "ToDo.Domain", "ToDo.domain\ToDo.Domain.csproj", "{74089D49-8791-4068-9313-94D99AB4D613}"
EndProject
Project("{FAE04EC0-301F-11D3-BF4B-00C04F79EFBC}") = "ToDo.Infrastructure", "ToDo.infrastructure\ToDo.Infrastructure.csproj", "{DE92389B-8EB1-431A-826F-BA71AF14E5F5}"
EndProject
Global
	GlobalSection(SolutionConfigurationPlatforms) = preSolution
		Debug|Any CPU = Debug|Any CPU
		Release|Any CPU = Release|Any CPU
	EndGlobalSection
	GlobalSection(ProjectConfigurationPlatforms) = postSolution
		{7B407ACF-6B05-47CE-B8AF-C46D5442C6FE}.Debug|Any CPU.ActiveCfg = Debug|Any CPU
		{7B407ACF-6B05-47CE-B8AF-C46D5442C6FE}.Debug|Any CPU.Build.0 = Debug|Any CPU
		{7B407ACF-6B05-47CE-B8AF-C46D5442C6FE}.Release|Any CPU.ActiveCfg = Release|Any CPU
		{7B407ACF-6B05-47CE-B8AF-C46D5442C6FE}.Release|Any CPU.Build.0 = Release|Any CPU
		{74089D49-8791-4068-9313-94D99AB4D613}.Debug|Any CPU.ActiveCfg = Debug|Any CPU
		{74089D49-8791-4068-9313-94D99AB4D613}.Debug|Any CPU.Build.0 = Debug|Any CPU
		{74089D49-8791-4068-9313-94D99AB4D613}.Release|Any CPU.ActiveCfg = Release|Any CPU
		{74089D49-8791-4068-9313-94D99AB4D613}.Release|Any CPU.Build.0 = Release|Any CPU
		{DE92389B-8EB1-431A-826F-BA71AF14E5F5}.Debug|Any CPU.ActiveCfg = Debug|Any CPU
		{DE92389B-8EB1-431A-826F-BA71AF14E5F5}.Debug|Any CPU.Build.0 = Debug|Any CPU
		{DE92389B-8EB1-431A-826F-BA71AF14E5F5}.Release|Any CPU.ActiveCfg = Release|Any CPU
		{DE92389B-8EB1-431A-826F-BA71AF14E5F5}.Release|Any CPU.Build.0 = Release|Any CPU
	EndGlobalSection
	GlobalSection(SolutionProperties) = preSolution
		HideSolutionNode = FALSE
	EndGlobalSection
	GlobalSection(ExtensibilityGlobals) = postSolution
		SolutionGuid = {0102A006-0968-45FC-8BF3-1B0DFA78FD7A}
	EndGlobalSection
EndGlobal
